
Microsoft Visual Studio Solution File, Format Version 12.00
# Visual Studio 2013
VisualStudioVersion = 12.0.30501.0
MinimumVisualStudioVersion = 10.0.40219.1
Project("{2150E333-8FDC-42A3-9474-1A3956D46DE8}") = "SolutionFiles", "SolutionFiles", "{4928A491-6E0E-4948-A9DD-F24A4A0AAC08}"
	ProjectSection(SolutionItems) = preProject
		CommonAssemblyInfo.cs = CommonAssemblyInfo.cs
		CustomDictionary.xml = CustomDictionary.xml
		Main.ruleset = Main.ruleset
		Settings.StyleCop = Settings.StyleCop
		Test.ruleset = Test.ruleset
	EndProjectSection
EndProject
Project("{2150E333-8FDC-42A3-9474-1A3956D46DE8}") = ".nuget", ".nuget", "{B32D81B0-BCE2-48E7-9CCE-8CD79547A5DE}"
	ProjectSection(SolutionItems) = preProject
		.nuget\NuGet.Config = .nuget\NuGet.Config
	EndProjectSection
EndProject
Project("{2150E333-8FDC-42A3-9474-1A3956D46DE8}") = "Test", "Test", "{28FDEE5B-453E-4977-A640-C8670DDC7258}"
EndProject
Project("{FAE04EC0-301F-11D3-BF4B-00C04F79EFBC}") = "Bau.MSBuild", "Bau.MSBuild\Bau.MSBuild.csproj", "{60E63D1D-71D9-4139-BD9A-E3509D940BE8}"
EndProject
Project("{FAE04EC0-301F-11D3-BF4B-00C04F79EFBC}") = "Bau.MSBuild.Test.Unit", "test\Bau.MSBuild.Test.Unit\Bau.MSBuild.Test.Unit.csproj", "{547AF348-2D55-4181-873D-65F51F630863}"
EndProject
Global
	GlobalSection(SolutionConfigurationPlatforms) = preSolution
		Debug|Any CPU = Debug|Any CPU
		Release|Any CPU = Release|Any CPU
	EndGlobalSection
	GlobalSection(ProjectConfigurationPlatforms) = postSolution
		{60E63D1D-71D9-4139-BD9A-E3509D940BE8}.Debug|Any CPU.ActiveCfg = Debug|Any CPU
		{60E63D1D-71D9-4139-BD9A-E3509D940BE8}.Debug|Any CPU.Build.0 = Debug|Any CPU
		{60E63D1D-71D9-4139-BD9A-E3509D940BE8}.Release|Any CPU.ActiveCfg = Release|Any CPU
		{60E63D1D-71D9-4139-BD9A-E3509D940BE8}.Release|Any CPU.Build.0 = Release|Any CPU
		{547AF348-2D55-4181-873D-65F51F630863}.Debug|Any CPU.ActiveCfg = Debug|Any CPU
		{547AF348-2D55-4181-873D-65F51F630863}.Debug|Any CPU.Build.0 = Debug|Any CPU
		{547AF348-2D55-4181-873D-65F51F630863}.Release|Any CPU.ActiveCfg = Release|Any CPU
		{547AF348-2D55-4181-873D-65F51F630863}.Release|Any CPU.Build.0 = Release|Any CPU
	EndGlobalSection
	GlobalSection(SolutionProperties) = preSolution
		HideSolutionNode = FALSE
	EndGlobalSection
	GlobalSection(NestedProjects) = preSolution
		{547AF348-2D55-4181-873D-65F51F630863} = {28FDEE5B-453E-4977-A640-C8670DDC7258}
	EndGlobalSection
EndGlobal
